
Microsoft Visual Studio Solution File, Format Version 12.00
# Visual Studio Version 16
VisualStudioVersion = 16.0.31702.278
MinimumVisualStudioVersion = 10.0.40219.1
Project("{FAE04EC0-301F-11D3-BF4B-00C04F79EFBC}") = "App6.Android", "App6.Android\App6.Android.csproj", "{80EDD6B7-BA96-4CC4-963F-EB63E653E4D9}"
EndProject
Project("{FAE04EC0-301F-11D3-BF4B-00C04F79EFBC}") = "App6.iOS", "App6.iOS\App6.iOS.csproj", "{6EA92589-D756-460F-B6EF-68E36BDFAC03}"
EndProject
Project("{FAE04EC0-301F-11D3-BF4B-00C04F79EFBC}") = "App6", "App6\App6.csproj", "{22915D96-6AD6-4CF9-9A8C-00B4D5895D3C}"
EndProject
Global
	GlobalSection(SolutionConfigurationPlatforms) = preSolution
		Debug|Any CPU = Debug|Any CPU
		Debug|iPhone = Debug|iPhone
		Debug|iPhoneSimulator = Debug|iPhoneSimulator
		Release|Any CPU = Release|Any CPU
		Release|iPhone = Release|iPhone
		Release|iPhoneSimulator = Release|iPhoneSimulator
	EndGlobalSection
	GlobalSection(ProjectConfigurationPlatforms) = postSolution
		{80EDD6B7-BA96-4CC4-963F-EB63E653E4D9}.Debug|Any CPU.ActiveCfg = Debug|Any CPU
		{80EDD6B7-BA96-4CC4-963F-EB63E653E4D9}.Debug|Any CPU.Build.0 = Debug|Any CPU
		{80EDD6B7-BA96-4CC4-963F-EB63E653E4D9}.Debug|Any CPU.Deploy.0 = Debug|Any CPU
		{80EDD6B7-BA96-4CC4-963F-EB63E653E4D9}.Debug|iPhone.ActiveCfg = Debug|Any CPU
		{80EDD6B7-BA96-4CC4-963F-EB63E653E4D9}.Debug|iPhone.Build.0 = Debug|Any CPU
		{80EDD6B7-BA96-4CC4-963F-EB63E653E4D9}.Debug|iPhone.Deploy.0 = Debug|Any CPU
		{80EDD6B7-BA96-4CC4-963F-EB63E653E4D9}.Debug|iPhoneSimulator.ActiveCfg = Debug|Any CPU
		{80EDD6B7-BA96-4CC4-963F-EB63E653E4D9}.Debug|iPhoneSimulator.Build.0 = Debug|Any CPU
		{80EDD6B7-BA96-4CC4-963F-EB63E653E4D9}.Debug|iPhoneSimulator.Deploy.0 = Debug|Any CPU
		{80EDD6B7-BA96-4CC4-963F-EB63E653E4D9}.Release|Any CPU.ActiveCfg = Release|Any CPU
		{80EDD6B7-BA96-4CC4-963F-EB63E653E4D9}.Release|Any CPU.Build.0 = Release|Any CPU
		{80EDD6B7-BA96-4CC4-963F-EB63E653E4D9}.Release|Any CPU.Deploy.0 = Release|Any CPU
		{80EDD6B7-BA96-4CC4-963F-EB63E653E4D9}.Release|iPhone.ActiveCfg = Release|Any CPU
		{80EDD6B7-BA96-4CC4-963F-EB63E653E4D9}.Release|iPhone.Build.0 = Release|Any CPU
		{80EDD6B7-BA96-4CC4-963F-EB63E653E4D9}.Release|iPhone.Deploy.0 = Release|Any CPU
		{80EDD6B7-BA96-4CC4-963F-EB63E653E4D9}.Release|iPhoneSimulator.ActiveCfg = Release|Any CPU
		{80EDD6B7-BA96-4CC4-963F-EB63E653E4D9}.Release|iPhoneSimulator.Build.0 = Release|Any CPU
		{80EDD6B7-BA96-4CC4-963F-EB63E653E4D9}.Release|iPhoneSimulator.Deploy.0 = Release|Any CPU
		{6EA92589-D756-460F-B6EF-68E36BDFAC03}.Debug|Any CPU.ActiveCfg = Debug|iPhone
		{6EA92589-D756-460F-B6EF-68E36BDFAC03}.Debug|Any CPU.Build.0 = Debug|iPhone
		{6EA92589-D756-460F-B6EF-68E36BDFAC03}.Debug|Any CPU.Deploy.0 = Debug|iPhone
		{6EA92589-D756-460F-B6EF-68E36BDFAC03}.Debug|iPhone.ActiveCfg = Debug|iPhone
		{6EA92589-D756-460F-B6EF-68E36BDFAC03}.Debug|iPhone.Build.0 = Debug|iPhone
		{6EA92589-D756-460F-B6EF-68E36BDFAC03}.Debug|iPhone.Deploy.0 = Debug|iPhone
		{6EA92589-D756-460F-B6EF-68E36BDFAC03}.Debug|iPhoneSimulator.ActiveCfg = Debug|iPhoneSimulator
		{6EA92589-D756-460F-B6EF-68E36BDFAC03}.Debug|iPhoneSimulator.Build.0 = Debug|iPhoneSimulator
		{6EA92589-D756-460F-B6EF-68E36BDFAC03}.Debug|iPhoneSimulator.Deploy.0 = Debug|iPhoneSimulator
		{6EA92589-D756-460F-B6EF-68E36BDFAC03}.Release|Any CPU.ActiveCfg = Release|iPhoneSimulator
		{6EA92589-D756-460F-B6EF-68E36BDFAC03}.Release|Any CPU.Build.0 = Release|iPhoneSimulator
		{6EA92589-D756-460F-B6EF-68E36BDFAC03}.Release|Any CPU.Deploy.0 = Release|iPhoneSimulator
		{6EA92589-D756-460F-B6EF-68E36BDFAC03}.Release|iPhone.ActiveCfg = Release|iPhone
		{6EA92589-D756-460F-B6EF-68E36BDFAC03}.Release|iPhone.Build.0 = Release|iPhone
		{6EA92589-D756-460F-B6EF-68E36BDFAC03}.Release|iPhone.Deploy.0 = Release|iPhone
		{6EA92589-D756-460F-B6EF-68E36BDFAC03}.Release|iPhoneSimulator.ActiveCfg = Release|iPhoneSimulator
		{6EA92589-D756-460F-B6EF-68E36BDFAC03}.Release|iPhoneSimulator.Build.0 = Release|iPhoneSimulator
		{6EA92589-D756-460F-B6EF-68E36BDFAC03}.Release|iPhoneSimulator.Deploy.0 = Release|iPhoneSimulator
		{22915D96-6AD6-4CF9-9A8C-00B4D5895D3C}.Debug|Any CPU.ActiveCfg = Debug|Any CPU
		{22915D96-6AD6-4CF9-9A8C-00B4D5895D3C}.Debug|Any CPU.Build.0 = Debug|Any CPU
		{22915D96-6AD6-4CF9-9A8C-00B4D5895D3C}.Debug|Any CPU.Deploy.0 = Debug|Any CPU
		{22915D96-6AD6-4CF9-9A8C-00B4D5895D3C}.Debug|iPhone.ActiveCfg = Debug|Any CPU
		{22915D96-6AD6-4CF9-9A8C-00B4D5895D3C}.Debug|iPhone.Build.0 = Debug|Any CPU
		{22915D96-6AD6-4CF9-9A8C-00B4D5895D3C}.Debug|iPhone.Deploy.0 = Debug|Any CPU
		{22915D96-6AD6-4CF9-9A8C-00B4D5895D3C}.Debug|iPhoneSimulator.ActiveCfg = Debug|Any CPU
		{22915D96-6AD6-4CF9-9A8C-00B4D5895D3C}.Debug|iPhoneSimulator.Build.0 = Debug|Any CPU
		{22915D96-6AD6-4CF9-9A8C-00B4D5895D3C}.Debug|iPhoneSimulator.Deploy.0 = Debug|Any CPU
		{22915D96-6AD6-4CF9-9A8C-00B4D5895D3C}.Release|Any CPU.ActiveCfg = Release|Any CPU
		{22915D96-6AD6-4CF9-9A8C-00B4D5895D3C}.Release|Any CPU.Build.0 = Release|Any CPU
		{22915D96-6AD6-4CF9-9A8C-00B4D5895D3C}.Release|Any CPU.Deploy.0 = Release|Any CPU
		{22915D96-6AD6-4CF9-9A8C-00B4D5895D3C}.Release|iPhone.ActiveCfg = Release|Any CPU
		{22915D96-6AD6-4CF9-9A8C-00B4D5895D3C}.Release|iPhone.Build.0 = Release|Any CPU
		{22915D96-6AD6-4CF9-9A8C-00B4D5895D3C}.Release|iPhone.Deploy.0 = Release|Any CPU
		{22915D96-6AD6-4CF9-9A8C-00B4D5895D3C}.Release|iPhoneSimulator.ActiveCfg = Release|Any CPU
		{22915D96-6AD6-4CF9-9A8C-00B4D5895D3C}.Release|iPhoneSimulator.Build.0 = Release|Any CPU
		{22915D96-6AD6-4CF9-9A8C-00B4D5895D3C}.Release|iPhoneSimulator.Deploy.0 = Release|Any CPU
	EndGlobalSection
	GlobalSection(SolutionProperties) = preSolution
		HideSolutionNode = FALSE
	EndGlobalSection
	GlobalSection(ExtensibilityGlobals) = postSolution
		SolutionGuid = {CD73FCDA-11E3-40CE-BAC7-D7A71A7D6E2A}
	EndGlobalSection
EndGlobal
